
Microsoft Visual Studio Solution File, Format Version 12.00
# Visual Studio Version 16
VisualStudioVersion = 16.0.30907.101
MinimumVisualStudioVersion = 10.0.40219.1
Project("{FAE04EC0-301F-11D3-BF4B-00C04F79EFBC}") = "ProjeCore", "ProjeCore\ProjeCore.csproj", "{764799DF-A843-4286-BC03-371DB96C7DFA}"
EndProject
Global
	GlobalSection(SolutionConfigurationPlatforms) = preSolution
		Debug|Any CPU = Debug|Any CPU
		Release|Any CPU = Release|Any CPU
	EndGlobalSection
	GlobalSection(ProjectConfigurationPlatforms) = postSolution
		{764799DF-A843-4286-BC03-371DB96C7DFA}.Debug|Any CPU.ActiveCfg = Debug|Any CPU
		{764799DF-A843-4286-BC03-371DB96C7DFA}.Debug|Any CPU.Build.0 = Debug|Any CPU
		{764799DF-A843-4286-BC03-371DB96C7DFA}.Release|Any CPU.ActiveCfg = Release|Any CPU
		{764799DF-A843-4286-BC03-371DB96C7DFA}.Release|Any CPU.Build.0 = Release|Any CPU
	EndGlobalSection
	GlobalSection(SolutionProperties) = preSolution
		HideSolutionNode = FALSE
	EndGlobalSection
	GlobalSection(ExtensibilityGlobals) = postSolution
		SolutionGuid = {163C7939-2D1E-4826-A2A4-FBACCCDB52B3}
	EndGlobalSection
EndGlobal
